
Microsoft Visual Studio Solution File, Format Version 12.00
# Visual Studio 15
VisualStudioVersion = 15.0.28307.168
MinimumVisualStudioVersion = 10.0.40219.1
Project("{8BC9CEB8-8B4A-11D0-8D11-00A0C91BC942}") = "sdl-game", "sdl-game\sdl-game.vcxproj", "{7125EB33-B6B4-48A6-96B2-BC35DE5315DE}"
EndProject
Global
	GlobalSection(SolutionConfigurationPlatforms) = preSolution
		Debug|x64 = Debug|x64
		Debug|x86 = Debug|x86
		Release|x64 = Release|x64
		Release|x86 = Release|x86
	EndGlobalSection
	GlobalSection(ProjectConfigurationPlatforms) = postSolution
		{7125EB33-B6B4-48A6-96B2-BC35DE5315DE}.Debug|x64.ActiveCfg = Debug|Win32
		{7125EB33-B6B4-48A6-96B2-BC35DE5315DE}.Debug|x64.Build.0 = Debug|Win32
		{7125EB33-B6B4-48A6-96B2-BC35DE5315DE}.Debug|x86.ActiveCfg = Debug|Win32
		{7125EB33-B6B4-48A6-96B2-BC35DE5315DE}.Debug|x86.Build.0 = Debug|Win32
		{7125EB33-B6B4-48A6-96B2-BC35DE5315DE}.Release|x64.ActiveCfg = Release|x64
		{7125EB33-B6B4-48A6-96B2-BC35DE5315DE}.Release|x64.Build.0 = Release|x64
		{7125EB33-B6B4-48A6-96B2-BC35DE5315DE}.Release|x86.ActiveCfg = Release|Win32
		{7125EB33-B6B4-48A6-96B2-BC35DE5315DE}.Release|x86.Build.0 = Release|Win32
	EndGlobalSection
	GlobalSection(SolutionProperties) = preSolution
		HideSolutionNode = FALSE
	EndGlobalSection
	GlobalSection(ExtensibilityGlobals) = postSolution
		SolutionGuid = {C594EBDA-FADD-41AA-8D9F-1FA31AD57192}
	EndGlobalSection
EndGlobal
